// !$*UTF8*$!
{
	archiveVersion = 1;
	classes = {
	};
	objectVersion = 46;
	objects = {

/* Begin PBXBuildFile section */
		9C11F21C18F75986009BF633 /* libpixate-freestyle.a in Frameworks */ = {isa = PBXBuildFile; fileRef = 9C11F21318F75981009BF633 /* libpixate-freestyle.a */; };
		9CF1463F18F7132E00B36A92 /* Foundation.framework in Frameworks */ = {isa = PBXBuildFile; fileRef = 9CF1463E18F7132E00B36A92 /* Foundation.framework */; };
		9CF1464118F7132E00B36A92 /* CoreGraphics.framework in Frameworks */ = {isa = PBXBuildFile; fileRef = 9CF1464018F7132E00B36A92 /* CoreGraphics.framework */; };
		9CF1464318F7132E00B36A92 /* UIKit.framework in Frameworks */ = {isa = PBXBuildFile; fileRef = 9CF1464218F7132E00B36A92 /* UIKit.framework */; };
		9CF1464918F7132E00B36A92 /* InfoPlist.strings in Resources */ = {isa = PBXBuildFile; fileRef = 9CF1464718F7132E00B36A92 /* InfoPlist.strings */; };
		9CF1464B18F7132E00B36A92 /* main.m in Sources */ = {isa = PBXBuildFile; fileRef = 9CF1464A18F7132E00B36A92 /* main.m */; };
		9CF1464F18F7132E00B36A92 /* AppDelegate.m in Sources */ = {isa = PBXBuildFile; fileRef = 9CF1464E18F7132E00B36A92 /* AppDelegate.m */; };
		9CF1465218F7132E00B36A92 /* Main.storyboard in Resources */ = {isa = PBXBuildFile; fileRef = 9CF1465018F7132E00B36A92 /* Main.storyboard */; };
		9CF1465518F7132E00B36A92 /* ViewController.m in Sources */ = {isa = PBXBuildFile; fileRef = 9CF1465418F7132E00B36A92 /* ViewController.m */; };
		9CF1465718F7132E00B36A92 /* Images.xcassets in Resources */ = {isa = PBXBuildFile; fileRef = 9CF1465618F7132E00B36A92 /* Images.xcassets */; };
		9CF1465E18F7132E00B36A92 /* XCTest.framework in Frameworks */ = {isa = PBXBuildFile; fileRef = 9CF1465D18F7132E00B36A92 /* XCTest.framework */; };
		9CF1465F18F7132E00B36A92 /* Foundation.framework in Frameworks */ = {isa = PBXBuildFile; fileRef = 9CF1463E18F7132E00B36A92 /* Foundation.framework */; };
		9CF1466018F7132E00B36A92 /* UIKit.framework in Frameworks */ = {isa = PBXBuildFile; fileRef = 9CF1464218F7132E00B36A92 /* UIKit.framework */; };
		9CF1466818F7132E00B36A92 /* InfoPlist.strings in Resources */ = {isa = PBXBuildFile; fileRef = 9CF1466618F7132E00B36A92 /* InfoPlist.strings */; };
		9CF1466A18F7132E00B36A92 /* UINavigationBar_NFTests.m in Sources */ = {isa = PBXBuildFile; fileRef = 9CF1466918F7132E00B36A92 /* UINavigationBar_NFTests.m */; };
/* End PBXBuildFile section */

/* Begin PBXContainerItemProxy section */
		9C11F21218F75981009BF633 /* PBXContainerItemProxy */ = {
			isa = PBXContainerItemProxy;
			containerPortal = 9C11F20A18F75981009BF633 /* pixate-freestyle.xcodeproj */;
			proxyType = 2;
			remoteGlobalIDString = 9C84A63A18AE9CB600E7CDA7;
			remoteInfo = "pixate-freestyle";
		};
		9C11F21418F75981009BF633 /* PBXContainerItemProxy */ = {
			isa = PBXContainerItemProxy;
			containerPortal = 9C11F20A18F75981009BF633 /* pixate-freestyle.xcodeproj */;
			proxyType = 2;
			remoteGlobalIDString = 9C84A64A18AE9CB600E7CDA7;
			remoteInfo = "pixate-freestyleTests";
		};
		9C11F21618F75981009BF633 /* PBXContainerItemProxy */ = {
			isa = PBXContainerItemProxy;
			containerPortal = 9C11F20A18F75981009BF633 /* pixate-freestyle.xcodeproj */;
			proxyType = 2;
			remoteGlobalIDString = 9CAE288218C4343B005B06B5;
			remoteInfo = "pixate-freestyle-mac";
		};
		9C11F21818F75981009BF633 /* PBXContainerItemProxy */ = {
			isa = PBXContainerItemProxy;
			containerPortal = 9C11F20A18F75981009BF633 /* pixate-freestyle.xcodeproj */;
			proxyType = 2;
			remoteGlobalIDString = 9CAE288F18C4343B005B06B5;
			remoteInfo = "pixate-freestyle-macTests";
		};
		9C11F21A18F75981009BF633 /* PBXContainerItemProxy */ = {
			isa = PBXContainerItemProxy;
			containerPortal = 9C11F20A18F75981009BF633 /* pixate-freestyle.xcodeproj */;
			proxyType = 2;
			remoteGlobalIDString = 9C23049518DA27CE00969D18;
			remoteInfo = MAFutureTest;
		};
		9CF1466118F7132E00B36A92 /* PBXContainerItemProxy */ = {
			isa = PBXContainerItemProxy;
			containerPortal = 9CF1463318F7132E00B36A92 /* Project object */;
			proxyType = 1;
			remoteGlobalIDString = 9CF1463A18F7132E00B36A92;
			remoteInfo = "UINavigationBar-NF";
		};
/* End PBXContainerItemProxy section */

/* Begin PBXFileReference section */
		9C11F20A18F75981009BF633 /* pixate-freestyle.xcodeproj */ = {isa = PBXFileReference; lastKnownFileType = "wrapper.pb-project"; name = "pixate-freestyle.xcodeproj"; path = "../../src/pixate-freestyle.xcodeproj"; sourceTree = "<group>"; };
		9CF1463B18F7132E00B36A92 /* UINavigationBar-NF.app */ = {isa = PBXFileReference; explicitFileType = wrapper.application; includeInIndex = 0; path = "UINavigationBar-NF.app"; sourceTree = BUILT_PRODUCTS_DIR; };
		9CF1463E18F7132E00B36A92 /* Foundation.framework */ = {isa = PBXFileReference; lastKnownFileType = wrapper.framework; name = Foundation.framework; path = System/Library/Frameworks/Foundation.framework; sourceTree = SDKROOT; };
		9CF1464018F7132E00B36A92 /* CoreGraphics.framework */ = {isa = PBXFileReference; lastKnownFileType = wrapper.framework; name = CoreGraphics.framework; path = System/Library/Frameworks/CoreGraphics.framework; sourceTree = SDKROOT; };
		9CF1464218F7132E00B36A92 /* UIKit.framework */ = {isa = PBXFileReference; lastKnownFileType = wrapper.framework; name = UIKit.framework; path = System/Library/Frameworks/UIKit.framework; sourceTree = SDKROOT; };
		9CF1464618F7132E00B36A92 /* UINavigationBar-NF-Info.plist */ = {isa = PBXFileReference; lastKnownFileType = text.plist.xml; path = "UINavigationBar-NF-Info.plist"; sourceTree = "<group>"; };
		9CF1464818F7132E00B36A92 /* en */ = {isa = PBXFileReference; lastKnownFileType = text.plist.strings; name = en; path = en.lproj/InfoPlist.strings; sourceTree = "<group>"; };
		9CF1464A18F7132E00B36A92 /* main.m */ = {isa = PBXFileReference; lastKnownFileType = sourcecode.c.objc; path = main.m; sourceTree = "<group>"; };
		9CF1464C18F7132E00B36A92 /* UINavigationBar-NF-Prefix.pch */ = {isa = PBXFileReference; lastKnownFileType = sourcecode.c.h; path = "UINavigationBar-NF-Prefix.pch"; sourceTree = "<group>"; };
		9CF1464D18F7132E00B36A92 /* AppDelegate.h */ = {isa = PBXFileReference; lastKnownFileType = sourcecode.c.h; path = AppDelegate.h; sourceTree = "<group>"; };
		9CF1464E18F7132E00B36A92 /* AppDelegate.m */ = {isa = PBXFileReference; lastKnownFileType = sourcecode.c.objc; path = AppDelegate.m; sourceTree = "<group>"; };
		9CF1465118F7132E00B36A92 /* Base */ = {isa = PBXFileReference; lastKnownFileType = file.storyboard; name = Base; path = Base.lproj/Main.storyboard; sourceTree = "<group>"; };
		9CF1465318F7132E00B36A92 /* ViewController.h */ = {isa = PBXFileReference; lastKnownFileType = sourcecode.c.h; path = ViewController.h; sourceTree = "<group>"; };
		9CF1465418F7132E00B36A92 /* ViewController.m */ = {isa = PBXFileReference; lastKnownFileType = sourcecode.c.objc; path = ViewController.m; sourceTree = "<group>"; };
		9CF1465618F7132E00B36A92 /* Images.xcassets */ = {isa = PBXFileReference; lastKnownFileType = folder.assetcatalog; path = Images.xcassets; sourceTree = "<group>"; };
		9CF1465C18F7132E00B36A92 /* UINavigationBar-NFTests.xctest */ = {isa = PBXFileReference; explicitFileType = wrapper.cfbundle; includeInIndex = 0; path = "UINavigationBar-NFTests.xctest"; sourceTree = BUILT_PRODUCTS_DIR; };
		9CF1465D18F7132E00B36A92 /* XCTest.framework */ = {isa = PBXFileReference; lastKnownFileType = wrapper.framework; name = XCTest.framework; path = Library/Frameworks/XCTest.framework; sourceTree = DEVELOPER_DIR; };
		9CF1466518F7132E00B36A92 /* UINavigationBar-NFTests-Info.plist */ = {isa = PBXFileReference; lastKnownFileType = text.plist.xml; path = "UINavigationBar-NFTests-Info.plist"; sourceTree = "<group>"; };
		9CF1466718F7132E00B36A92 /* en */ = {isa = PBXFileReference; lastKnownFileType = text.plist.strings; name = en; path = en.lproj/InfoPlist.strings; sourceTree = "<group>"; };
		9CF1466918F7132E00B36A92 /* UINavigationBar_NFTests.m */ = {isa = PBXFileReference; lastKnownFileType = sourcecode.c.objc; path = UINavigationBar_NFTests.m; sourceTree = "<group>"; };
/* End PBXFileReference section */

/* Begin PBXFrameworksBuildPhase section */
		9CF1463818F7132E00B36A92 /* Frameworks */ = {
			isa = PBXFrameworksBuildPhase;
			buildActionMask = 2147483647;
			files = (
				9C11F21C18F75986009BF633 /* libpixate-freestyle.a in Frameworks */,
				9CF1464118F7132E00B36A92 /* CoreGraphics.framework in Frameworks */,
				9CF1464318F7132E00B36A92 /* UIKit.framework in Frameworks */,
				9CF1463F18F7132E00B36A92 /* Foundation.framework in Frameworks */,
			);
			runOnlyForDeploymentPostprocessing = 0;
		};
		9CF1465918F7132E00B36A92 /* Frameworks */ = {
			isa = PBXFrameworksBuildPhase;
			buildActionMask = 2147483647;
			files = (
				9CF1465E18F7132E00B36A92 /* XCTest.framework in Frameworks */,
				9CF1466018F7132E00B36A92 /* UIKit.framework in Frameworks */,
				9CF1465F18F7132E00B36A92 /* Foundation.framework in Frameworks */,
			);
			runOnlyForDeploymentPostprocessing = 0;
		};
/* End PBXFrameworksBuildPhase section */

/* Begin PBXGroup section */
		9C11F20B18F75981009BF633 /* Products */ = {
			isa = PBXGroup;
			children = (
				9C11F21318F75981009BF633 /* libpixate-freestyle.a */,
				9C11F21518F75981009BF633 /* pixate-freestyleTests.xctest */,
				9C11F21718F75981009BF633 /* libpixate-freestyle-mac.a */,
				9C11F21918F75981009BF633 /* pixate-freestyle-macTests.xctest */,
				9C11F21B18F75981009BF633 /* MAFutureTest */,
			);
			name = Products;
			sourceTree = "<group>";
		};
		9CF1463218F7132E00B36A92 = {
			isa = PBXGroup;
			children = (
				9CF1464418F7132E00B36A92 /* UINavigationBar-NF */,
				9CF1466318F7132E00B36A92 /* UINavigationBar-NFTests */,
				9CF1463D18F7132E00B36A92 /* Frameworks */,
				9CF1463C18F7132E00B36A92 /* Products */,
			);
			sourceTree = "<group>";
		};
		9CF1463C18F7132E00B36A92 /* Products */ = {
			isa = PBXGroup;
			children = (
				9CF1463B18F7132E00B36A92 /* UINavigationBar-NF.app */,
				9CF1465C18F7132E00B36A92 /* UINavigationBar-NFTests.xctest */,
			);
			name = Products;
			sourceTree = "<group>";
		};
		9CF1463D18F7132E00B36A92 /* Frameworks */ = {
			isa = PBXGroup;
			children = (
				9C11F20A18F75981009BF633 /* pixate-freestyle.xcodeproj */,
				9CF1463E18F7132E00B36A92 /* Foundation.framework */,
				9CF1464018F7132E00B36A92 /* CoreGraphics.framework */,
				9CF1464218F7132E00B36A92 /* UIKit.framework */,
				9CF1465D18F7132E00B36A92 /* XCTest.framework */,
			);
			name = Frameworks;
			sourceTree = "<group>";
		};
		9CF1464418F7132E00B36A92 /* UINavigationBar-NF */ = {
			isa = PBXGroup;
			children = (
				9CF1464D18F7132E00B36A92 /* AppDelegate.h */,
				9CF1464E18F7132E00B36A92 /* AppDelegate.m */,
				9CF1465018F7132E00B36A92 /* Main.storyboard */,
				9CF1465318F7132E00B36A92 /* ViewController.h */,
				9CF1465418F7132E00B36A92 /* ViewController.m */,
				9CF1465618F7132E00B36A92 /* Images.xcassets */,
				9CF1464518F7132E00B36A92 /* Supporting Files */,
			);
			path = "UINavigationBar-NF";
			sourceTree = "<group>";
		};
		9CF1464518F7132E00B36A92 /* Supporting Files */ = {
			isa = PBXGroup;
			children = (
				9CF1464618F7132E00B36A92 /* UINavigationBar-NF-Info.plist */,
				9CF1464718F7132E00B36A92 /* InfoPlist.strings */,
				9CF1464A18F7132E00B36A92 /* main.m */,
				9CF1464C18F7132E00B36A92 /* UINavigationBar-NF-Prefix.pch */,
			);
			name = "Supporting Files";
			sourceTree = "<group>";
		};
		9CF1466318F7132E00B36A92 /* UINavigationBar-NFTests */ = {
			isa = PBXGroup;
			children = (
				9CF1466918F7132E00B36A92 /* UINavigationBar_NFTests.m */,
				9CF1466418F7132E00B36A92 /* Supporting Files */,
			);
			path = "UINavigationBar-NFTests";
			sourceTree = "<group>";
		};
		9CF1466418F7132E00B36A92 /* Supporting Files */ = {
			isa = PBXGroup;
			children = (
				9CF1466518F7132E00B36A92 /* UINavigationBar-NFTests-Info.plist */,
				9CF1466618F7132E00B36A92 /* InfoPlist.strings */,
			);
			name = "Supporting Files";
			sourceTree = "<group>";
		};
/* End PBXGroup section */

/* Begin PBXNativeTarget section */
		9CF1463A18F7132E00B36A92 /* UINavigationBar-NF */ = {
			isa = PBXNativeTarget;
			buildConfigurationList = 9CF1466D18F7132E00B36A92 /* Build configuration list for PBXNativeTarget "UINavigationBar-NF" */;
			buildPhases = (
				9CF1463718F7132E00B36A92 /* Sources */,
				9CF1463818F7132E00B36A92 /* Frameworks */,
				9CF1463918F7132E00B36A92 /* Resources */,
			);
			buildRules = (
			);
			dependencies = (
			);
			name = "UINavigationBar-NF";
			productName = "UINavigationBar-NF";
			productReference = 9CF1463B18F7132E00B36A92 /* UINavigationBar-NF.app */;
			productType = "com.apple.product-type.application";
		};
		9CF1465B18F7132E00B36A92 /* UINavigationBar-NFTests */ = {
			isa = PBXNativeTarget;
			buildConfigurationList = 9CF1467018F7132E00B36A92 /* Build configuration list for PBXNativeTarget "UINavigationBar-NFTests" */;
			buildPhases = (
				9CF1465818F7132E00B36A92 /* Sources */,
				9CF1465918F7132E00B36A92 /* Frameworks */,
				9CF1465A18F7132E00B36A92 /* Resources */,
			);
			buildRules = (
			);
			dependencies = (
				9CF1466218F7132E00B36A92 /* PBXTargetDependency */,
			);
			name = "UINavigationBar-NFTests";
			productName = "UINavigationBar-NFTests";
			productReference = 9CF1465C18F7132E00B36A92 /* UINavigationBar-NFTests.xctest */;
			productType = "com.apple.product-type.bundle.unit-test";
		};
/* End PBXNativeTarget section */

/* Begin PBXProject section */
		9CF1463318F7132E00B36A92 /* Project object */ = {
			isa = PBXProject;
			attributes = {
				LastUpgradeCheck = 0510;
				ORGANIZATIONNAME = "Pixate, Inc.";
				TargetAttributes = {
					9CF1465B18F7132E00B36A92 = {
						TestTargetID = 9CF1463A18F7132E00B36A92;
					};
				};
			};
			buildConfigurationList = 9CF1463618F7132E00B36A92 /* Build configuration list for PBXProject "UINavigationBar-NF" */;
			compatibilityVersion = "Xcode 3.2";
			developmentRegion = English;
			hasScannedForEncodings = 0;
			knownRegions = (
				en,
				Base,
			);
			mainGroup = 9CF1463218F7132E00B36A92;
			productRefGroup = 9CF1463C18F7132E00B36A92 /* Products */;
			projectDirPath = "";
			projectReferences = (
				{
					ProductGroup = 9C11F20B18F75981009BF633 /* Products */;
					ProjectRef = 9C11F20A18F75981009BF633 /* pixate-freestyle.xcodeproj */;
				},
			);
			projectRoot = "";
			targets = (
				9CF1463A18F7132E00B36A92 /* UINavigationBar-NF */,
				9CF1465B18F7132E00B36A92 /* UINavigationBar-NFTests */,
			);
		};
/* End PBXProject section */

/* Begin PBXReferenceProxy section */
		9C11F21318F75981009BF633 /* libpixate-freestyle.a */ = {
			isa = PBXReferenceProxy;
			fileType = archive.ar;
			path = "libpixate-freestyle.a";
			remoteRef = 9C11F21218F75981009BF633 /* PBXContainerItemProxy */;
			sourceTree = BUILT_PRODUCTS_DIR;
		};
		9C11F21518F75981009BF633 /* pixate-freestyleTests.xctest */ = {
			isa = PBXReferenceProxy;
			fileType = wrapper.cfbundle;
			path = "pixate-freestyleTests.xctest";
			remoteRef = 9C11F21418F75981009BF633 /* PBXContainerItemProxy */;
			sourceTree = BUILT_PRODUCTS_DIR;
		};
		9C11F21718F75981009BF633 /* libpixate-freestyle-mac.a */ = {
			isa = PBXReferenceProxy;
			fileType = archive.ar;
			path = "libpixate-freestyle-mac.a";
			remoteRef = 9C11F21618F75981009BF633 /* PBXContainerItemProxy */;
			sourceTree = BUILT_PRODUCTS_DIR;
		};
		9C11F21918F75981009BF633 /* pixate-freestyle-macTests.xctest */ = {
			isa = PBXReferenceProxy;
			fileType = wrapper.cfbundle;
			path = "pixate-freestyle-macTests.xctest";
			remoteRef = 9C11F21818F75981009BF633 /* PBXContainerItemProxy */;
			sourceTree = BUILT_PRODUCTS_DIR;
		};
		9C11F21B18F75981009BF633 /* MAFutureTest */ = {
			isa = PBXReferenceProxy;
			fileType = "compiled.mach-o.executable";
			path = MAFutureTest;
			remoteRef = 9C11F21A18F75981009BF633 /* PBXContainerItemProxy */;
			sourceTree = BUILT_PRODUCTS_DIR;
		};
/* End PBXReferenceProxy section */

/* Begin PBXResourcesBuildPhase section */
		9CF1463918F7132E00B36A92 /* Resources */ = {
			isa = PBXResourcesBuildPhase;
			buildActionMask = 2147483647;
			files = (
				9CF1465718F7132E00B36A92 /* Images.xcassets in Resources */,
				9CF1464918F7132E00B36A92 /* InfoPlist.strings in Resources */,
				9CF1465218F7132E00B36A92 /* Main.storyboard in Resources */,
			);
			runOnlyForDeploymentPostprocessing = 0;
		};
		9CF1465A18F7132E00B36A92 /* Resources */ = {
			isa = PBXResourcesBuildPhase;
			buildActionMask = 2147483647;
			files = (
				9CF1466818F7132E00B36A92 /* InfoPlist.strings in Resources */,
			);
			runOnlyForDeploymentPostprocessing = 0;
		};
/* End PBXResourcesBuildPhase section */

/* Begin PBXSourcesBuildPhase section */
		9CF1463718F7132E00B36A92 /* Sources */ = {
			isa = PBXSourcesBuildPhase;
			buildActionMask = 2147483647;
			files = (
				9CF1465518F7132E00B36A92 /* ViewController.m in Sources */,
				9CF1464F18F7132E00B36A92 /* AppDelegate.m in Sources */,
				9CF1464B18F7132E00B36A92 /* main.m in Sources */,
			);
			runOnlyForDeploymentPostprocessing = 0;
		};
		9CF1465818F7132E00B36A92 /* Sources */ = {
			isa = PBXSourcesBuildPhase;
			buildActionMask = 2147483647;
			files = (
				9CF1466A18F7132E00B36A92 /* UINavigationBar_NFTests.m in Sources */,
			);
			runOnlyForDeploymentPostprocessing = 0;
		};
/* End PBXSourcesBuildPhase section */

/* Begin PBXTargetDependency section */
		9CF1466218F7132E00B36A92 /* PBXTargetDependency */ = {
			isa = PBXTargetDependency;
			target = 9CF1463A18F7132E00B36A92 /* UINavigationBar-NF */;
			targetProxy = 9CF1466118F7132E00B36A92 /* PBXContainerItemProxy */;
		};
/* End PBXTargetDependency section */

/* Begin PBXVariantGroup section */
		9CF1464718F7132E00B36A92 /* InfoPlist.strings */ = {
			isa = PBXVariantGroup;
			children = (
				9CF1464818F7132E00B36A92 /* en */,
			);
			name = InfoPlist.strings;
			sourceTree = "<group>";
		};
		9CF1465018F7132E00B36A92 /* Main.storyboard */ = {
			isa = PBXVariantGroup;
			children = (
				9CF1465118F7132E00B36A92 /* Base */,
			);
			name = Main.storyboard;
			sourceTree = "<group>";
		};
		9CF1466618F7132E00B36A92 /* InfoPlist.strings */ = {
			isa = PBXVariantGroup;
			children = (
				9CF1466718F7132E00B36A92 /* en */,
			);
			name = InfoPlist.strings;
			sourceTree = "<group>";
		};
/* End PBXVariantGroup section */

/* Begin XCBuildConfiguration section */
		9CF1466B18F7132E00B36A92 /* Debug */ = {
			isa = XCBuildConfiguration;
			buildSettings = {
				ALWAYS_SEARCH_USER_PATHS = NO;
				CLANG_CXX_LANGUAGE_STANDARD = "gnu++0x";
				CLANG_CXX_LIBRARY = "libc++";
				CLANG_ENABLE_MODULES = YES;
				CLANG_ENABLE_OBJC_ARC = YES;
				CLANG_WARN_BOOL_CONVERSION = YES;
				CLANG_WARN_CONSTANT_CONVERSION = YES;
				CLANG_WARN_DIRECT_OBJC_ISA_USAGE = YES_ERROR;
				CLANG_WARN_EMPTY_BODY = YES;
				CLANG_WARN_ENUM_CONVERSION = YES;
				CLANG_WARN_INT_CONVERSION = YES;
				CLANG_WARN_OBJC_ROOT_CLASS = YES_ERROR;
				CLANG_WARN__DUPLICATE_METHOD_MATCH = YES;
				"CODE_SIGN_IDENTITY[sdk=iphoneos*]" = "iPhone Developer";
				COPY_PHASE_STRIP = NO;
				GCC_C_LANGUAGE_STANDARD = gnu99;
				GCC_DYNAMIC_NO_PIC = NO;
				GCC_OPTIMIZATION_LEVEL = 0;
				GCC_PREPROCESSOR_DEFINITIONS = (
					"DEBUG=1",
					"$(inherited)",
				);
				GCC_SYMBOLS_PRIVATE_EXTERN = NO;
				GCC_WARN_64_TO_32_BIT_CONVERSION = YES;
				GCC_WARN_ABOUT_RETURN_TYPE = YES_ERROR;
				GCC_WARN_UNDECLARED_SELECTOR = YES;
				GCC_WARN_UNINITIALIZED_AUTOS = YES_AGGRESSIVE;
				GCC_WARN_UNUSED_FUNCTION = YES;
				GCC_WARN_UNUSED_VARIABLE = YES;
				IPHONEOS_DEPLOYMENT_TARGET = 7.1;
				ONLY_ACTIVE_ARCH = YES;
				SDKROOT = iphoneos;
			};
			name = Debug;
		};
		9CF1466C18F7132E00B36A92 /* Release */ = {
			isa = XCBuildConfiguration;
			buildSettings = {
				ALWAYS_SEARCH_USER_PATHS = NO;
				CLANG_CXX_LANGUAGE_STANDARD = "gnu++0x";
				CLANG_CXX_LIBRARY = "libc++";
				CLANG_ENABLE_MODULES = YES;
				CLANG_ENABLE_OBJC_ARC = YES;
				CLANG_WARN_BOOL_CONVERSION = YES;
				CLANG_WARN_CONSTANT_CONVERSION = YES;
				CLANG_WARN_DIRECT_OBJC_ISA_USAGE = YES_ERROR;
				CLANG_WARN_EMPTY_BODY = YES;
				CLANG_WARN_ENUM_CONVERSION = YES;
				CLANG_WARN_INT_CONVERSION = YES;
				CLANG_WARN_OBJC_ROOT_CLASS = YES_ERROR;
				CLANG_WARN__DUPLICATE_METHOD_MATCH = YES;
				"CODE_SIGN_IDENTITY[sdk=iphoneos*]" = "iPhone Developer";
				COPY_PHASE_STRIP = YES;
				ENABLE_NS_ASSERTIONS = NO;
				GCC_C_LANGUAGE_STANDARD = gnu99;
				GCC_WARN_64_TO_32_BIT_CONVERSION = YES;
				GCC_WARN_ABOUT_RETURN_TYPE = YES_ERROR;
				GCC_WARN_UNDECLARED_SELECTOR = YES;
				GCC_WARN_UNINITIALIZED_AUTOS = YES_AGGRESSIVE;
				GCC_WARN_UNUSED_FUNCTION = YES;
				GCC_WARN_UNUSED_VARIABLE = YES;
				IPHONEOS_DEPLOYMENT_TARGET = 7.1;
				SDKROOT = iphoneos;
				VALIDATE_PRODUCT = YES;
			};
			name = Release;
		};
		9CF1466E18F7132E00B36A92 /* Debug */ = {
			isa = XCBuildConfiguration;
			buildSettings = {
				ASSETCATALOG_COMPILER_APPICON_NAME = AppIcon;
				ASSETCATALOG_COMPILER_LAUNCHIMAGE_NAME = LaunchImage;
				GCC_PRECOMPILE_PREFIX_HEADER = YES;
				GCC_PREFIX_HEADER = "UINavigationBar-NF/UINavigationBar-NF-Prefix.pch";
				HEADER_SEARCH_PATHS = (
					"$(inherited)",
					/Applications/Xcode.app/Contents/Developer/Toolchains/XcodeDefault.xctoolchain/usr/include,
					"../../src/**",
				);
				INFOPLIST_FILE = "UINavigationBar-NF/UINavigationBar-NF-Info.plist";
				PRODUCT_NAME = "$(TARGET_NAME)";
				WRAPPER_EXTENSION = app;
			};
			name = Debug;
		};
		9CF1466F18F7132E00B36A92 /* Release */ = {
			isa = XCBuildConfiguration;
			buildSettings = {
				ASSETCATALOG_COMPILER_APPICON_NAME = AppIcon;
				ASSETCATALOG_COMPILER_LAUNCHIMAGE_NAME = LaunchImage;
				GCC_PRECOMPILE_PREFIX_HEADER = YES;
				GCC_PREFIX_HEADER = "UINavigationBar-NF/UINavigationBar-NF-Prefix.pch";
				HEADER_SEARCH_PATHS = (
					"$(inherited)",
					/Applications/Xcode.app/Contents/Developer/Toolchains/XcodeDefault.xctoolchain/usr/include,
					"../../src/**",
				);
				INFOPLIST_FILE = "UINavigationBar-NF/UINavigationBar-NF-Info.plist";
				PRODUCT_NAME = "$(TARGET_NAME)";
				WRAPPER_EXTENSION = app;
			};
			name = Release;
		};
		9CF1467118F7132E00B36A92 /* Debug */ = {
			isa = XCBuildConfiguration;
			buildSettings = {
				BUNDLE_LOADER = "$(BUILT_PRODUCTS_DIR)/UINavigationBar-NF.app/UINavigationBar-NF";
				FRAMEWORK_SEARCH_PATHS = (
					"$(SDKROOT)/Developer/Library/Frameworks",
					"$(inherited)",
					"$(DEVELOPER_FRAMEWORKS_DIR)",
				);
				GCC_PRECOMPILE_PREFIX_HEADER = YES;
				GCC_PREFIX_HEADER = "UINavigationBar-NF/UINavigationBar-NF-Prefix.pch";
				GCC_PREPROCESSOR_DEFINITIONS = (
					"DEBUG=1",
					"$(inherited)",
				);
				INFOPLIST_FILE = "UINavigationBar-NFTests/UINavigationBar-NFTests-Info.plist";
				PRODUCT_NAME = "$(TARGET_NAME)";
				TEST_HOST = "$(BUNDLE_LOADER)";
				WRAPPER_EXTENSION = xctest;
			};
			name = Debug;
		};
		9CF1467218F7132E00B36A92 /* Release */ = {
			isa = XCBuildConfiguration;
			buildSettings = {
				BUNDLE_LOADER = "$(BUILT_PRODUCTS_DIR)/UINavigationBar-NF.app/UINavigationBar-NF";
				FRAMEWORK_SEARCH_PATHS = (
					"$(SDKROOT)/Developer/Library/Frameworks",
					"$(inherited)",
					"$(DEVELOPER_FRAMEWORKS_DIR)",
				);
				GCC_PRECOMPILE_PREFIX_HEADER = YES;
				GCC_PREFIX_HEADER = "UINavigationBar-NF/UINavigationBar-NF-Prefix.pch";
				INFOPLIST_FILE = "UINavigationBar-NFTests/UINavigationBar-NFTests-Info.plist";
				PRODUCT_NAME = "$(TARGET_NAME)";
				TEST_HOST = "$(BUNDLE_LOADER)";
				WRAPPER_EXTENSION = xctest;
			};
			name = Release;
		};
/* End XCBuildConfiguration section */

/* Begin XCConfigurationList section */
		9CF1463618F7132E00B36A92 /* Build configuration list for PBXProject "UINavigationBar-NF" */ = {
			isa = XCConfigurationList;
			buildConfigurations = (
				9CF1466B18F7132E00B36A92 /* Debug */,
				9CF1466C18F7132E00B36A92 /* Release */,
			);
			defaultConfigurationIsVisible = 0;
			defaultConfigurationName = Release;
		};
		9CF1466D18F7132E00B36A92 /* Build configuration list for PBXNativeTarget "UINavigationBar-NF" */ = {
			isa = XCConfigurationList;
			buildConfigurations = (
				9CF1466E18F7132E00B36A92 /* Debug */,
				9CF1466F18F7132E00B36A92 /* Release */,
			);
			defaultConfigurationIsVisible = 0;
			defaultConfigurationName = Release;
		};
		9CF1467018F7132E00B36A92 /* Build configuration list for PBXNativeTarget "UINavigationBar-NFTests" */ = {
			isa = XCConfigurationList;
			buildConfigurations = (
				9CF1467118F7132E00B36A92 /* Debug */,
				9CF1467218F7132E00B36A92 /* Release */,
			);
			defaultConfigurationIsVisible = 0;
			defaultConfigurationName = Release;
		};
/* End XCConfigurationList section */
	};
	rootObject = 9CF1463318F7132E00B36A92 /* Project object */;
}
