// !$*UTF8*$!
{
	archiveVersion = 1;
	classes = {
	};
	objectVersion = 46;
	objects = {

/* Begin PBXBuildFile section */
		0A2760C61884871800AB0650 /* Foundation.framework in Frameworks */ = {isa = PBXBuildFile; fileRef = 0A2760C51884871800AB0650 /* Foundation.framework */; };
		0A2760C81884871800AB0650 /* CoreGraphics.framework in Frameworks */ = {isa = PBXBuildFile; fileRef = 0A2760C71884871800AB0650 /* CoreGraphics.framework */; };
		0A2760CA1884871800AB0650 /* UIKit.framework in Frameworks */ = {isa = PBXBuildFile; fileRef = 0A2760C91884871800AB0650 /* UIKit.framework */; };
		0A2760D01884871800AB0650 /* InfoPlist.strings in Resources */ = {isa = PBXBuildFile; fileRef = 0A2760CE1884871800AB0650 /* InfoPlist.strings */; };
		0A2760D21884871800AB0650 /* main.m in Sources */ = {isa = PBXBuildFile; fileRef = 0A2760D11884871800AB0650 /* main.m */; };
		0A2760D61884871800AB0650 /* AppDelegate.m in Sources */ = {isa = PBXBuildFile; fileRef = 0A2760D51884871800AB0650 /* AppDelegate.m */; };
		0A2760D91884871800AB0650 /* Main.storyboard in Resources */ = {isa = PBXBuildFile; fileRef = 0A2760D71884871800AB0650 /* Main.storyboard */; };
		0A2760DC1884871800AB0650 /* ViewController.m in Sources */ = {isa = PBXBuildFile; fileRef = 0A2760DB1884871800AB0650 /* ViewController.m */; };
		0A2760DE1884871800AB0650 /* Images.xcassets in Resources */ = {isa = PBXBuildFile; fileRef = 0A2760DD1884871800AB0650 /* Images.xcassets */; };
		0A2760E51884871800AB0650 /* XCTest.framework in Frameworks */ = {isa = PBXBuildFile; fileRef = 0A2760E41884871800AB0650 /* XCTest.framework */; };
		0A2760E61884871800AB0650 /* Foundation.framework in Frameworks */ = {isa = PBXBuildFile; fileRef = 0A2760C51884871800AB0650 /* Foundation.framework */; };
		0A2760E71884871800AB0650 /* UIKit.framework in Frameworks */ = {isa = PBXBuildFile; fileRef = 0A2760C91884871800AB0650 /* UIKit.framework */; };
		0A2760EF1884871800AB0650 /* InfoPlist.strings in Resources */ = {isa = PBXBuildFile; fileRef = 0A2760ED1884871800AB0650 /* InfoPlist.strings */; };
		0A2760F11884871800AB0650 /* ListFontsTests.m in Sources */ = {isa = PBXBuildFile; fileRef = 0A2760F01884871800AB0650 /* ListFontsTests.m */; };
		0ABCBEAA18F7142D00236307 /* PXFontEntry.m in Sources */ = {isa = PBXBuildFile; fileRef = 0ABCBEA918F7142D00236307 /* PXFontEntry.m */; };
		9C47CB2B18CFA7B900AFA591 /* libpixate-freestyle.a in Frameworks */ = {isa = PBXBuildFile; fileRef = 9C47CB2418CFA7B500AFA591 /* libpixate-freestyle.a */; };
		9C47CB2D18CFA91100AFA591 /* default.css in Resources */ = {isa = PBXBuildFile; fileRef = 9C47CB2C18CFA91100AFA591 /* default.css */; };
/* End PBXBuildFile section */

/* Begin PBXContainerItemProxy section */
		0A2760E81884871800AB0650 /* PBXContainerItemProxy */ = {
			isa = PBXContainerItemProxy;
			containerPortal = 0A2760BA1884871800AB0650 /* Project object */;
			proxyType = 1;
			remoteGlobalIDString = 0A2760C11884871800AB0650;
			remoteInfo = ListFonts;
		};
		0A64E85018F713EC00EB0066 /* PBXContainerItemProxy */ = {
			isa = PBXContainerItemProxy;
			containerPortal = 9C47CB1C18CFA7B500AFA591 /* pixate-freestyle.xcodeproj */;
			proxyType = 2;
			remoteGlobalIDString = 9C23049518DA27CE00969D18;
			remoteInfo = MAFutureTest;
		};
		9C47CB2318CFA7B500AFA591 /* PBXContainerItemProxy */ = {
			isa = PBXContainerItemProxy;
			containerPortal = 9C47CB1C18CFA7B500AFA591 /* pixate-freestyle.xcodeproj */;
			proxyType = 2;
			remoteGlobalIDString = 9C84A63A18AE9CB600E7CDA7;
			remoteInfo = "pixate-freestyle";
		};
		9C47CB2518CFA7B500AFA591 /* PBXContainerItemProxy */ = {
			isa = PBXContainerItemProxy;
			containerPortal = 9C47CB1C18CFA7B500AFA591 /* pixate-freestyle.xcodeproj */;
			proxyType = 2;
			remoteGlobalIDString = 9C84A64A18AE9CB600E7CDA7;
			remoteInfo = "pixate-freestyleTests";
		};
		9C47CB2718CFA7B500AFA591 /* PBXContainerItemProxy */ = {
			isa = PBXContainerItemProxy;
			containerPortal = 9C47CB1C18CFA7B500AFA591 /* pixate-freestyle.xcodeproj */;
			proxyType = 2;
			remoteGlobalIDString = 9CAE288218C4343B005B06B5;
			remoteInfo = "pixate-freestyle-mac";
		};
		9C47CB2918CFA7B500AFA591 /* PBXContainerItemProxy */ = {
			isa = PBXContainerItemProxy;
			containerPortal = 9C47CB1C18CFA7B500AFA591 /* pixate-freestyle.xcodeproj */;
			proxyType = 2;
			remoteGlobalIDString = 9CAE288F18C4343B005B06B5;
			remoteInfo = "pixate-freestyle-macTests";
		};
/* End PBXContainerItemProxy section */

/* Begin PBXFileReference section */
		0A2760C21884871800AB0650 /* ListFonts.app */ = {isa = PBXFileReference; explicitFileType = wrapper.application; includeInIndex = 0; path = ListFonts.app; sourceTree = BUILT_PRODUCTS_DIR; };
		0A2760C51884871800AB0650 /* Foundation.framework */ = {isa = PBXFileReference; lastKnownFileType = wrapper.framework; name = Foundation.framework; path = System/Library/Frameworks/Foundation.framework; sourceTree = SDKROOT; };
		0A2760C71884871800AB0650 /* CoreGraphics.framework */ = {isa = PBXFileReference; lastKnownFileType = wrapper.framework; name = CoreGraphics.framework; path = System/Library/Frameworks/CoreGraphics.framework; sourceTree = SDKROOT; };
		0A2760C91884871800AB0650 /* UIKit.framework */ = {isa = PBXFileReference; lastKnownFileType = wrapper.framework; name = UIKit.framework; path = System/Library/Frameworks/UIKit.framework; sourceTree = SDKROOT; };
		0A2760CD1884871800AB0650 /* ListFonts-Info.plist */ = {isa = PBXFileReference; lastKnownFileType = text.plist.xml; path = "ListFonts-Info.plist"; sourceTree = "<group>"; };
		0A2760CF1884871800AB0650 /* en */ = {isa = PBXFileReference; lastKnownFileType = text.plist.strings; name = en; path = en.lproj/InfoPlist.strings; sourceTree = "<group>"; };
		0A2760D11884871800AB0650 /* main.m */ = {isa = PBXFileReference; lastKnownFileType = sourcecode.c.objc; path = main.m; sourceTree = "<group>"; };
		0A2760D31884871800AB0650 /* ListFonts-Prefix.pch */ = {isa = PBXFileReference; lastKnownFileType = sourcecode.c.h; path = "ListFonts-Prefix.pch"; sourceTree = "<group>"; };
		0A2760D41884871800AB0650 /* AppDelegate.h */ = {isa = PBXFileReference; lastKnownFileType = sourcecode.c.h; path = AppDelegate.h; sourceTree = "<group>"; };
		0A2760D51884871800AB0650 /* AppDelegate.m */ = {isa = PBXFileReference; lastKnownFileType = sourcecode.c.objc; path = AppDelegate.m; sourceTree = "<group>"; };
		0A2760D81884871800AB0650 /* Base */ = {isa = PBXFileReference; lastKnownFileType = file.storyboard; name = Base; path = Base.lproj/Main.storyboard; sourceTree = "<group>"; };
		0A2760DA1884871800AB0650 /* ViewController.h */ = {isa = PBXFileReference; lastKnownFileType = sourcecode.c.h; path = ViewController.h; sourceTree = "<group>"; };
		0A2760DB1884871800AB0650 /* ViewController.m */ = {isa = PBXFileReference; lastKnownFileType = sourcecode.c.objc; path = ViewController.m; sourceTree = "<group>"; };
		0A2760DD1884871800AB0650 /* Images.xcassets */ = {isa = PBXFileReference; lastKnownFileType = folder.assetcatalog; path = Images.xcassets; sourceTree = "<group>"; };
		0A2760E31884871800AB0650 /* ListFontsTests.xctest */ = {isa = PBXFileReference; explicitFileType = wrapper.cfbundle; includeInIndex = 0; path = ListFontsTests.xctest; sourceTree = BUILT_PRODUCTS_DIR; };
		0A2760E41884871800AB0650 /* XCTest.framework */ = {isa = PBXFileReference; lastKnownFileType = wrapper.framework; name = XCTest.framework; path = Library/Frameworks/XCTest.framework; sourceTree = DEVELOPER_DIR; };
		0A2760EC1884871800AB0650 /* ListFontsTests-Info.plist */ = {isa = PBXFileReference; lastKnownFileType = text.plist.xml; path = "ListFontsTests-Info.plist"; sourceTree = "<group>"; };
		0A2760EE1884871800AB0650 /* en */ = {isa = PBXFileReference; lastKnownFileType = text.plist.strings; name = en; path = en.lproj/InfoPlist.strings; sourceTree = "<group>"; };
		0A2760F01884871800AB0650 /* ListFontsTests.m */ = {isa = PBXFileReference; lastKnownFileType = sourcecode.c.objc; path = ListFontsTests.m; sourceTree = "<group>"; };
		0ABCBEA818F7142D00236307 /* PXFontEntry.h */ = {isa = PBXFileReference; fileEncoding = 4; lastKnownFileType = sourcecode.c.h; name = PXFontEntry.h; path = ../../../src/Core/Styling/Fonts/PXFontEntry.h; sourceTree = "<group>"; };
		0ABCBEA918F7142D00236307 /* PXFontEntry.m */ = {isa = PBXFileReference; fileEncoding = 4; lastKnownFileType = sourcecode.c.objc; name = PXFontEntry.m; path = ../../../src/Core/Styling/Fonts/PXFontEntry.m; sourceTree = "<group>"; };
		9C47CB1C18CFA7B500AFA591 /* pixate-freestyle.xcodeproj */ = {isa = PBXFileReference; lastKnownFileType = "wrapper.pb-project"; name = "pixate-freestyle.xcodeproj"; path = "../../src/pixate-freestyle.xcodeproj"; sourceTree = "<group>"; };
		9C47CB2C18CFA91100AFA591 /* default.css */ = {isa = PBXFileReference; fileEncoding = 4; lastKnownFileType = text.css; path = default.css; sourceTree = "<group>"; xcLanguageSpecificationIdentifier = xcode.lang.css; };
/* End PBXFileReference section */

/* Begin PBXFrameworksBuildPhase section */
		0A2760BF1884871800AB0650 /* Frameworks */ = {
			isa = PBXFrameworksBuildPhase;
			buildActionMask = 2147483647;
			files = (
				9C47CB2B18CFA7B900AFA591 /* libpixate-freestyle.a in Frameworks */,
				0A2760C81884871800AB0650 /* CoreGraphics.framework in Frameworks */,
				0A2760CA1884871800AB0650 /* UIKit.framework in Frameworks */,
				0A2760C61884871800AB0650 /* Foundation.framework in Frameworks */,
			);
			runOnlyForDeploymentPostprocessing = 0;
		};
		0A2760E01884871800AB0650 /* Frameworks */ = {
			isa = PBXFrameworksBuildPhase;
			buildActionMask = 2147483647;
			files = (
				0A2760E51884871800AB0650 /* XCTest.framework in Frameworks */,
				0A2760E71884871800AB0650 /* UIKit.framework in Frameworks */,
				0A2760E61884871800AB0650 /* Foundation.framework in Frameworks */,
			);
			runOnlyForDeploymentPostprocessing = 0;
		};
/* End PBXFrameworksBuildPhase section */

/* Begin PBXGroup section */
		0A2760B91884871800AB0650 = {
			isa = PBXGroup;
			children = (
				0A2760CB1884871800AB0650 /* ListFonts */,
				0A2760EA1884871800AB0650 /* ListFontsTests */,
				0A2760C41884871800AB0650 /* Frameworks */,
				0A2760C31884871800AB0650 /* Products */,
			);
			sourceTree = "<group>";
		};
		0A2760C31884871800AB0650 /* Products */ = {
			isa = PBXGroup;
			children = (
				0A2760C21884871800AB0650 /* ListFonts.app */,
				0A2760E31884871800AB0650 /* ListFontsTests.xctest */,
			);
			name = Products;
			sourceTree = "<group>";
		};
		0A2760C41884871800AB0650 /* Frameworks */ = {
			isa = PBXGroup;
			children = (
				9C47CB1C18CFA7B500AFA591 /* pixate-freestyle.xcodeproj */,
				0A2760C51884871800AB0650 /* Foundation.framework */,
				0A2760C71884871800AB0650 /* CoreGraphics.framework */,
				0A2760C91884871800AB0650 /* UIKit.framework */,
				0A2760E41884871800AB0650 /* XCTest.framework */,
			);
			name = Frameworks;
			sourceTree = "<group>";
		};
		0A2760CB1884871800AB0650 /* ListFonts */ = {
			isa = PBXGroup;
			children = (
				0ABCBEA818F7142D00236307 /* PXFontEntry.h */,
				0ABCBEA918F7142D00236307 /* PXFontEntry.m */,
				0A2760D41884871800AB0650 /* AppDelegate.h */,
				0A2760D51884871800AB0650 /* AppDelegate.m */,
				0A2760D71884871800AB0650 /* Main.storyboard */,
				0A2760DA1884871800AB0650 /* ViewController.h */,
				0A2760DB1884871800AB0650 /* ViewController.m */,
				0A2760DD1884871800AB0650 /* Images.xcassets */,
				0A2760CC1884871800AB0650 /* Supporting Files */,
			);
			path = ListFonts;
			sourceTree = "<group>";
		};
		0A2760CC1884871800AB0650 /* Supporting Files */ = {
			isa = PBXGroup;
			children = (
				9C47CB2C18CFA91100AFA591 /* default.css */,
				0A2760CD1884871800AB0650 /* ListFonts-Info.plist */,
				0A2760CE1884871800AB0650 /* InfoPlist.strings */,
				0A2760D11884871800AB0650 /* main.m */,
				0A2760D31884871800AB0650 /* ListFonts-Prefix.pch */,
			);
			name = "Supporting Files";
			sourceTree = "<group>";
		};
		0A2760EA1884871800AB0650 /* ListFontsTests */ = {
			isa = PBXGroup;
			children = (
				0A2760F01884871800AB0650 /* ListFontsTests.m */,
				0A2760EB1884871800AB0650 /* Supporting Files */,
			);
			path = ListFontsTests;
			sourceTree = "<group>";
		};
		0A2760EB1884871800AB0650 /* Supporting Files */ = {
			isa = PBXGroup;
			children = (
				0A2760EC1884871800AB0650 /* ListFontsTests-Info.plist */,
				0A2760ED1884871800AB0650 /* InfoPlist.strings */,
			);
			name = "Supporting Files";
			sourceTree = "<group>";
		};
		9C47CB1D18CFA7B500AFA591 /* Products */ = {
			isa = PBXGroup;
			children = (
				9C47CB2418CFA7B500AFA591 /* libpixate-freestyle.a */,
				9C47CB2618CFA7B500AFA591 /* pixate-freestyleTests.xctest */,
				9C47CB2818CFA7B500AFA591 /* libpixate-freestyle-mac.a */,
				9C47CB2A18CFA7B500AFA591 /* pixate-freestyle-macTests.xctest */,
				0A64E85118F713EC00EB0066 /* MAFutureTest */,
			);
			name = Products;
			sourceTree = "<group>";
		};
/* End PBXGroup section */

/* Begin PBXNativeTarget section */
		0A2760C11884871800AB0650 /* ListFonts */ = {
			isa = PBXNativeTarget;
			buildConfigurationList = 0A2760F41884871800AB0650 /* Build configuration list for PBXNativeTarget "ListFonts" */;
			buildPhases = (
				0A2760BE1884871800AB0650 /* Sources */,
				0A2760BF1884871800AB0650 /* Frameworks */,
				0A2760C01884871800AB0650 /* Resources */,
			);
			buildRules = (
			);
			dependencies = (
			);
			name = ListFonts;
			productName = ListFonts;
			productReference = 0A2760C21884871800AB0650 /* ListFonts.app */;
			productType = "com.apple.product-type.application";
		};
		0A2760E21884871800AB0650 /* ListFontsTests */ = {
			isa = PBXNativeTarget;
			buildConfigurationList = 0A2760F71884871800AB0650 /* Build configuration list for PBXNativeTarget "ListFontsTests" */;
			buildPhases = (
				0A2760DF1884871800AB0650 /* Sources */,
				0A2760E01884871800AB0650 /* Frameworks */,
				0A2760E11884871800AB0650 /* Resources */,
			);
			buildRules = (
			);
			dependencies = (
				0A2760E91884871800AB0650 /* PBXTargetDependency */,
			);
			name = ListFontsTests;
			productName = ListFontsTests;
			productReference = 0A2760E31884871800AB0650 /* ListFontsTests.xctest */;
			productType = "com.apple.product-type.bundle.unit-test";
		};
/* End PBXNativeTarget section */

/* Begin PBXProject section */
		0A2760BA1884871800AB0650 /* Project object */ = {
			isa = PBXProject;
			attributes = {
				LastUpgradeCheck = 0510;
				ORGANIZATIONNAME = "Pixate, Inc.";
				TargetAttributes = {
					0A2760E21884871800AB0650 = {
						TestTargetID = 0A2760C11884871800AB0650;
					};
				};
			};
			buildConfigurationList = 0A2760BD1884871800AB0650 /* Build configuration list for PBXProject "ListFonts" */;
			compatibilityVersion = "Xcode 3.2";
			developmentRegion = English;
			hasScannedForEncodings = 0;
			knownRegions = (
				en,
				Base,
			);
			mainGroup = 0A2760B91884871800AB0650;
			productRefGroup = 0A2760C31884871800AB0650 /* Products */;
			projectDirPath = "";
			projectReferences = (
				{
					ProductGroup = 9C47CB1D18CFA7B500AFA591 /* Products */;
					ProjectRef = 9C47CB1C18CFA7B500AFA591 /* pixate-freestyle.xcodeproj */;
				},
			);
			projectRoot = "";
			targets = (
				0A2760C11884871800AB0650 /* ListFonts */,
				0A2760E21884871800AB0650 /* ListFontsTests */,
			);
		};
/* End PBXProject section */

/* Begin PBXReferenceProxy section */
		0A64E85118F713EC00EB0066 /* MAFutureTest */ = {
			isa = PBXReferenceProxy;
			fileType = "compiled.mach-o.executable";
			path = MAFutureTest;
			remoteRef = 0A64E85018F713EC00EB0066 /* PBXContainerItemProxy */;
			sourceTree = BUILT_PRODUCTS_DIR;
		};
		9C47CB2418CFA7B500AFA591 /* libpixate-freestyle.a */ = {
			isa = PBXReferenceProxy;
			fileType = archive.ar;
			path = "libpixate-freestyle.a";
			remoteRef = 9C47CB2318CFA7B500AFA591 /* PBXContainerItemProxy */;
			sourceTree = BUILT_PRODUCTS_DIR;
		};
		9C47CB2618CFA7B500AFA591 /* pixate-freestyleTests.xctest */ = {
			isa = PBXReferenceProxy;
			fileType = wrapper.cfbundle;
			path = "pixate-freestyleTests.xctest";
			remoteRef = 9C47CB2518CFA7B500AFA591 /* PBXContainerItemProxy */;
			sourceTree = BUILT_PRODUCTS_DIR;
		};
		9C47CB2818CFA7B500AFA591 /* libpixate-freestyle-mac.a */ = {
			isa = PBXReferenceProxy;
			fileType = archive.ar;
			path = "libpixate-freestyle-mac.a";
			remoteRef = 9C47CB2718CFA7B500AFA591 /* PBXContainerItemProxy */;
			sourceTree = BUILT_PRODUCTS_DIR;
		};
		9C47CB2A18CFA7B500AFA591 /* pixate-freestyle-macTests.xctest */ = {
			isa = PBXReferenceProxy;
			fileType = wrapper.cfbundle;
			path = "pixate-freestyle-macTests.xctest";
			remoteRef = 9C47CB2918CFA7B500AFA591 /* PBXContainerItemProxy */;
			sourceTree = BUILT_PRODUCTS_DIR;
		};
/* End PBXReferenceProxy section */

/* Begin PBXResourcesBuildPhase section */
		0A2760C01884871800AB0650 /* Resources */ = {
			isa = PBXResourcesBuildPhase;
			buildActionMask = 2147483647;
			files = (
				0A2760DE1884871800AB0650 /* Images.xcassets in Resources */,
				0A2760D01884871800AB0650 /* InfoPlist.strings in Resources */,
				0A2760D91884871800AB0650 /* Main.storyboard in Resources */,
				9C47CB2D18CFA91100AFA591 /* default.css in Resources */,
			);
			runOnlyForDeploymentPostprocessing = 0;
		};
		0A2760E11884871800AB0650 /* Resources */ = {
			isa = PBXResourcesBuildPhase;
			buildActionMask = 2147483647;
			files = (
				0A2760EF1884871800AB0650 /* InfoPlist.strings in Resources */,
			);
			runOnlyForDeploymentPostprocessing = 0;
		};
/* End PBXResourcesBuildPhase section */

/* Begin PBXSourcesBuildPhase section */
		0A2760BE1884871800AB0650 /* Sources */ = {
			isa = PBXSourcesBuildPhase;
			buildActionMask = 2147483647;
			files = (
				0A2760DC1884871800AB0650 /* ViewController.m in Sources */,
				0ABCBEAA18F7142D00236307 /* PXFontEntry.m in Sources */,
				0A2760D61884871800AB0650 /* AppDelegate.m in Sources */,
				0A2760D21884871800AB0650 /* main.m in Sources */,
			);
			runOnlyForDeploymentPostprocessing = 0;
		};
		0A2760DF1884871800AB0650 /* Sources */ = {
			isa = PBXSourcesBuildPhase;
			buildActionMask = 2147483647;
			files = (
				0A2760F11884871800AB0650 /* ListFontsTests.m in Sources */,
			);
			runOnlyForDeploymentPostprocessing = 0;
		};
/* End PBXSourcesBuildPhase section */

/* Begin PBXTargetDependency section */
		0A2760E91884871800AB0650 /* PBXTargetDependency */ = {
			isa = PBXTargetDependency;
			target = 0A2760C11884871800AB0650 /* ListFonts */;
			targetProxy = 0A2760E81884871800AB0650 /* PBXContainerItemProxy */;
		};
/* End PBXTargetDependency section */

/* Begin PBXVariantGroup section */
		0A2760CE1884871800AB0650 /* InfoPlist.strings */ = {
			isa = PBXVariantGroup;
			children = (
				0A2760CF1884871800AB0650 /* en */,
			);
			name = InfoPlist.strings;
			sourceTree = "<group>";
		};
		0A2760D71884871800AB0650 /* Main.storyboard */ = {
			isa = PBXVariantGroup;
			children = (
				0A2760D81884871800AB0650 /* Base */,
			);
			name = Main.storyboard;
			sourceTree = "<group>";
		};
		0A2760ED1884871800AB0650 /* InfoPlist.strings */ = {
			isa = PBXVariantGroup;
			children = (
				0A2760EE1884871800AB0650 /* en */,
			);
			name = InfoPlist.strings;
			sourceTree = "<group>";
		};
/* End PBXVariantGroup section */

/* Begin XCBuildConfiguration section */
		0A2760F21884871800AB0650 /* Debug */ = {
			isa = XCBuildConfiguration;
			buildSettings = {
				ALWAYS_SEARCH_USER_PATHS = NO;
				CLANG_CXX_LANGUAGE_STANDARD = "gnu++0x";
				CLANG_CXX_LIBRARY = "libc++";
				CLANG_ENABLE_MODULES = YES;
				CLANG_ENABLE_OBJC_ARC = YES;
				CLANG_WARN_BOOL_CONVERSION = YES;
				CLANG_WARN_CONSTANT_CONVERSION = YES;
				CLANG_WARN_DIRECT_OBJC_ISA_USAGE = YES_ERROR;
				CLANG_WARN_EMPTY_BODY = YES;
				CLANG_WARN_ENUM_CONVERSION = YES;
				CLANG_WARN_INT_CONVERSION = YES;
				CLANG_WARN_OBJC_ROOT_CLASS = YES_ERROR;
				CLANG_WARN__DUPLICATE_METHOD_MATCH = YES;
				"CODE_SIGN_IDENTITY[sdk=iphoneos*]" = "iPhone Developer";
				COPY_PHASE_STRIP = NO;
				GCC_C_LANGUAGE_STANDARD = gnu99;
				GCC_DYNAMIC_NO_PIC = NO;
				GCC_OPTIMIZATION_LEVEL = 0;
				GCC_PREPROCESSOR_DEFINITIONS = (
					"DEBUG=1",
					"$(inherited)",
				);
				GCC_SYMBOLS_PRIVATE_EXTERN = NO;
				GCC_WARN_64_TO_32_BIT_CONVERSION = YES;
				GCC_WARN_ABOUT_RETURN_TYPE = YES_ERROR;
				GCC_WARN_UNDECLARED_SELECTOR = YES;
				GCC_WARN_UNINITIALIZED_AUTOS = YES;
				GCC_WARN_UNUSED_FUNCTION = YES;
				GCC_WARN_UNUSED_VARIABLE = YES;
				IPHONEOS_DEPLOYMENT_TARGET = 7.0;
				ONLY_ACTIVE_ARCH = YES;
				SDKROOT = iphoneos;
			};
			name = Debug;
		};
		0A2760F31884871800AB0650 /* Release */ = {
			isa = XCBuildConfiguration;
			buildSettings = {
				ALWAYS_SEARCH_USER_PATHS = NO;
				CLANG_CXX_LANGUAGE_STANDARD = "gnu++0x";
				CLANG_CXX_LIBRARY = "libc++";
				CLANG_ENABLE_MODULES = YES;
				CLANG_ENABLE_OBJC_ARC = YES;
				CLANG_WARN_BOOL_CONVERSION = YES;
				CLANG_WARN_CONSTANT_CONVERSION = YES;
				CLANG_WARN_DIRECT_OBJC_ISA_USAGE = YES_ERROR;
				CLANG_WARN_EMPTY_BODY = YES;
				CLANG_WARN_ENUM_CONVERSION = YES;
				CLANG_WARN_INT_CONVERSION = YES;
				CLANG_WARN_OBJC_ROOT_CLASS = YES_ERROR;
				CLANG_WARN__DUPLICATE_METHOD_MATCH = YES;
				"CODE_SIGN_IDENTITY[sdk=iphoneos*]" = "iPhone Developer";
				COPY_PHASE_STRIP = YES;
				ENABLE_NS_ASSERTIONS = NO;
				GCC_C_LANGUAGE_STANDARD = gnu99;
				GCC_WARN_64_TO_32_BIT_CONVERSION = YES;
				GCC_WARN_ABOUT_RETURN_TYPE = YES_ERROR;
				GCC_WARN_UNDECLARED_SELECTOR = YES;
				GCC_WARN_UNINITIALIZED_AUTOS = YES;
				GCC_WARN_UNUSED_FUNCTION = YES;
				GCC_WARN_UNUSED_VARIABLE = YES;
				IPHONEOS_DEPLOYMENT_TARGET = 7.0;
				SDKROOT = iphoneos;
				VALIDATE_PRODUCT = YES;
			};
			name = Release;
		};
		0A2760F51884871800AB0650 /* Debug */ = {
			isa = XCBuildConfiguration;
			buildSettings = {
				ASSETCATALOG_COMPILER_APPICON_NAME = AppIcon;
				ASSETCATALOG_COMPILER_LAUNCHIMAGE_NAME = LaunchImage;
				GCC_PRECOMPILE_PREFIX_HEADER = YES;
				GCC_PREFIX_HEADER = "ListFonts/ListFonts-Prefix.pch";
				HEADER_SEARCH_PATHS = (
					"$(inherited)",
					/Applications/Xcode.app/Contents/Developer/Toolchains/XcodeDefault.xctoolchain/usr/include,
					"../../src/**",
				);
				INFOPLIST_FILE = "ListFonts/ListFonts-Info.plist";
				PRODUCT_NAME = "$(TARGET_NAME)";
				WRAPPER_EXTENSION = app;
			};
			name = Debug;
		};
		0A2760F61884871800AB0650 /* Release */ = {
			isa = XCBuildConfiguration;
			buildSettings = {
				ASSETCATALOG_COMPILER_APPICON_NAME = AppIcon;
				ASSETCATALOG_COMPILER_LAUNCHIMAGE_NAME = LaunchImage;
				GCC_PRECOMPILE_PREFIX_HEADER = YES;
				GCC_PREFIX_HEADER = "ListFonts/ListFonts-Prefix.pch";
				HEADER_SEARCH_PATHS = (
					"$(inherited)",
					/Applications/Xcode.app/Contents/Developer/Toolchains/XcodeDefault.xctoolchain/usr/include,
					"../../src/**",
				);
				INFOPLIST_FILE = "ListFonts/ListFonts-Info.plist";
				PRODUCT_NAME = "$(TARGET_NAME)";
				WRAPPER_EXTENSION = app;
			};
			name = Release;
		};
		0A2760F81884871800AB0650 /* Debug */ = {
			isa = XCBuildConfiguration;
			buildSettings = {
				BUNDLE_LOADER = "$(BUILT_PRODUCTS_DIR)/ListFonts.app/ListFonts";
				FRAMEWORK_SEARCH_PATHS = (
					"$(SDKROOT)/Developer/Library/Frameworks",
					"$(inherited)",
					"$(DEVELOPER_FRAMEWORKS_DIR)",
				);
				GCC_PRECOMPILE_PREFIX_HEADER = YES;
				GCC_PREFIX_HEADER = "ListFonts/ListFonts-Prefix.pch";
				GCC_PREPROCESSOR_DEFINITIONS = (
					"DEBUG=1",
					"$(inherited)",
				);
				INFOPLIST_FILE = "ListFontsTests/ListFontsTests-Info.plist";
				PRODUCT_NAME = "$(TARGET_NAME)";
				TEST_HOST = "$(BUNDLE_LOADER)";
				WRAPPER_EXTENSION = xctest;
			};
			name = Debug;
		};
		0A2760F91884871800AB0650 /* Release */ = {
			isa = XCBuildConfiguration;
			buildSettings = {
				BUNDLE_LOADER = "$(BUILT_PRODUCTS_DIR)/ListFonts.app/ListFonts";
				FRAMEWORK_SEARCH_PATHS = (
					"$(SDKROOT)/Developer/Library/Frameworks",
					"$(inherited)",
					"$(DEVELOPER_FRAMEWORKS_DIR)",
				);
				GCC_PRECOMPILE_PREFIX_HEADER = YES;
				GCC_PREFIX_HEADER = "ListFonts/ListFonts-Prefix.pch";
				INFOPLIST_FILE = "ListFontsTests/ListFontsTests-Info.plist";
				PRODUCT_NAME = "$(TARGET_NAME)";
				TEST_HOST = "$(BUNDLE_LOADER)";
				WRAPPER_EXTENSION = xctest;
			};
			name = Release;
		};
/* End XCBuildConfiguration section */

/* Begin XCConfigurationList section */
		0A2760BD1884871800AB0650 /* Build configuration list for PBXProject "ListFonts" */ = {
			isa = XCConfigurationList;
			buildConfigurations = (
				0A2760F21884871800AB0650 /* Debug */,
				0A2760F31884871800AB0650 /* Release */,
			);
			defaultConfigurationIsVisible = 0;
			defaultConfigurationName = Release;
		};
		0A2760F41884871800AB0650 /* Build configuration list for PBXNativeTarget "ListFonts" */ = {
			isa = XCConfigurationList;
			buildConfigurations = (
				0A2760F51884871800AB0650 /* Debug */,
				0A2760F61884871800AB0650 /* Release */,
			);
			defaultConfigurationIsVisible = 0;
			defaultConfigurationName = Release;
		};
		0A2760F71884871800AB0650 /* Build configuration list for PBXNativeTarget "ListFontsTests" */ = {
			isa = XCConfigurationList;
			buildConfigurations = (
				0A2760F81884871800AB0650 /* Debug */,
				0A2760F91884871800AB0650 /* Release */,
			);
			defaultConfigurationIsVisible = 0;
			defaultConfigurationName = Release;
		};
/* End XCConfigurationList section */
	};
	rootObject = 0A2760BA1884871800AB0650 /* Project object */;
}
