// !$*UTF8*$!
{
	archiveVersion = 1;
	classes = {
	};
	objectVersion = 46;
	objects = {

/* Begin PBXBuildFile section */
		9C3479DF18E0F51F004EF9E9 /* Foundation.framework in Frameworks */ = {isa = PBXBuildFile; fileRef = 9C3479DE18E0F51F004EF9E9 /* Foundation.framework */; };
		9C3479E118E0F51F004EF9E9 /* CoreGraphics.framework in Frameworks */ = {isa = PBXBuildFile; fileRef = 9C3479E018E0F51F004EF9E9 /* CoreGraphics.framework */; };
		9C3479E318E0F51F004EF9E9 /* UIKit.framework in Frameworks */ = {isa = PBXBuildFile; fileRef = 9C3479E218E0F51F004EF9E9 /* UIKit.framework */; };
		9C3479E918E0F51F004EF9E9 /* InfoPlist.strings in Resources */ = {isa = PBXBuildFile; fileRef = 9C3479E718E0F51F004EF9E9 /* InfoPlist.strings */; };
		9C3479EB18E0F51F004EF9E9 /* main.m in Sources */ = {isa = PBXBuildFile; fileRef = 9C3479EA18E0F51F004EF9E9 /* main.m */; };
		9C3479EF18E0F51F004EF9E9 /* AppDelegate.m in Sources */ = {isa = PBXBuildFile; fileRef = 9C3479EE18E0F51F004EF9E9 /* AppDelegate.m */; };
		9C3479F218E0F51F004EF9E9 /* Main.storyboard in Resources */ = {isa = PBXBuildFile; fileRef = 9C3479F018E0F51F004EF9E9 /* Main.storyboard */; };
		9C3479F518E0F51F004EF9E9 /* ViewController.m in Sources */ = {isa = PBXBuildFile; fileRef = 9C3479F418E0F51F004EF9E9 /* ViewController.m */; };
		9C3479F718E0F51F004EF9E9 /* Images.xcassets in Resources */ = {isa = PBXBuildFile; fileRef = 9C3479F618E0F51F004EF9E9 /* Images.xcassets */; };
		9C3479FE18E0F51F004EF9E9 /* XCTest.framework in Frameworks */ = {isa = PBXBuildFile; fileRef = 9C3479FD18E0F51F004EF9E9 /* XCTest.framework */; };
		9C3479FF18E0F51F004EF9E9 /* Foundation.framework in Frameworks */ = {isa = PBXBuildFile; fileRef = 9C3479DE18E0F51F004EF9E9 /* Foundation.framework */; };
		9C347A0018E0F51F004EF9E9 /* UIKit.framework in Frameworks */ = {isa = PBXBuildFile; fileRef = 9C3479E218E0F51F004EF9E9 /* UIKit.framework */; };
		9C347A0818E0F51F004EF9E9 /* InfoPlist.strings in Resources */ = {isa = PBXBuildFile; fileRef = 9C347A0618E0F51F004EF9E9 /* InfoPlist.strings */; };
		9C347A0A18E0F51F004EF9E9 /* UISliderTestTests.m in Sources */ = {isa = PBXBuildFile; fileRef = 9C347A0918E0F51F004EF9E9 /* UISliderTestTests.m */; };
		9C347A1618E0F574004EF9E9 /* default.css in Resources */ = {isa = PBXBuildFile; fileRef = 9C347A1518E0F574004EF9E9 /* default.css */; };
		9CCEB638193522D8007B86F8 /* libpixate-freestyle.a in Frameworks */ = {isa = PBXBuildFile; fileRef = 9CAAFAF118EB124B000C0233 /* libpixate-freestyle.a */; };
/* End PBXBuildFile section */

/* Begin PBXContainerItemProxy section */
		9C347A0118E0F51F004EF9E9 /* PBXContainerItemProxy */ = {
			isa = PBXContainerItemProxy;
			containerPortal = 9C3479D318E0F51F004EF9E9 /* Project object */;
			proxyType = 1;
			remoteGlobalIDString = 9C3479DA18E0F51F004EF9E9;
			remoteInfo = UISliderTest;
		};
		9CAAFAF018EB124B000C0233 /* PBXContainerItemProxy */ = {
			isa = PBXContainerItemProxy;
			containerPortal = 9CAAFAE818EB124B000C0233 /* pixate-freestyle.xcodeproj */;
			proxyType = 2;
			remoteGlobalIDString = 9C84A63A18AE9CB600E7CDA7;
			remoteInfo = "pixate-freestyle";
		};
		9CAAFAF218EB124B000C0233 /* PBXContainerItemProxy */ = {
			isa = PBXContainerItemProxy;
			containerPortal = 9CAAFAE818EB124B000C0233 /* pixate-freestyle.xcodeproj */;
			proxyType = 2;
			remoteGlobalIDString = 9C84A64A18AE9CB600E7CDA7;
			remoteInfo = "pixate-freestyleTests";
		};
		9CAAFAF818EB124B000C0233 /* PBXContainerItemProxy */ = {
			isa = PBXContainerItemProxy;
			containerPortal = 9CAAFAE818EB124B000C0233 /* pixate-freestyle.xcodeproj */;
			proxyType = 2;
			remoteGlobalIDString = 9C23049518DA27CE00969D18;
			remoteInfo = MAFutureTest;
		};
/* End PBXContainerItemProxy section */

/* Begin PBXFileReference section */
		9C3479DB18E0F51F004EF9E9 /* UISliderTest.app */ = {isa = PBXFileReference; explicitFileType = wrapper.application; includeInIndex = 0; path = UISliderTest.app; sourceTree = BUILT_PRODUCTS_DIR; };
		9C3479DE18E0F51F004EF9E9 /* Foundation.framework */ = {isa = PBXFileReference; lastKnownFileType = wrapper.framework; name = Foundation.framework; path = System/Library/Frameworks/Foundation.framework; sourceTree = SDKROOT; };
		9C3479E018E0F51F004EF9E9 /* CoreGraphics.framework */ = {isa = PBXFileReference; lastKnownFileType = wrapper.framework; name = CoreGraphics.framework; path = System/Library/Frameworks/CoreGraphics.framework; sourceTree = SDKROOT; };
		9C3479E218E0F51F004EF9E9 /* UIKit.framework */ = {isa = PBXFileReference; lastKnownFileType = wrapper.framework; name = UIKit.framework; path = System/Library/Frameworks/UIKit.framework; sourceTree = SDKROOT; };
		9C3479E618E0F51F004EF9E9 /* UISliderTest-Info.plist */ = {isa = PBXFileReference; lastKnownFileType = text.plist.xml; path = "UISliderTest-Info.plist"; sourceTree = "<group>"; };
		9C3479E818E0F51F004EF9E9 /* en */ = {isa = PBXFileReference; lastKnownFileType = text.plist.strings; name = en; path = en.lproj/InfoPlist.strings; sourceTree = "<group>"; };
		9C3479EA18E0F51F004EF9E9 /* main.m */ = {isa = PBXFileReference; lastKnownFileType = sourcecode.c.objc; path = main.m; sourceTree = "<group>"; };
		9C3479EC18E0F51F004EF9E9 /* UISliderTest-Prefix.pch */ = {isa = PBXFileReference; lastKnownFileType = sourcecode.c.h; path = "UISliderTest-Prefix.pch"; sourceTree = "<group>"; };
		9C3479ED18E0F51F004EF9E9 /* AppDelegate.h */ = {isa = PBXFileReference; lastKnownFileType = sourcecode.c.h; path = AppDelegate.h; sourceTree = "<group>"; };
		9C3479EE18E0F51F004EF9E9 /* AppDelegate.m */ = {isa = PBXFileReference; lastKnownFileType = sourcecode.c.objc; path = AppDelegate.m; sourceTree = "<group>"; };
		9C3479F118E0F51F004EF9E9 /* Base */ = {isa = PBXFileReference; lastKnownFileType = file.storyboard; name = Base; path = Base.lproj/Main.storyboard; sourceTree = "<group>"; };
		9C3479F318E0F51F004EF9E9 /* ViewController.h */ = {isa = PBXFileReference; lastKnownFileType = sourcecode.c.h; path = ViewController.h; sourceTree = "<group>"; };
		9C3479F418E0F51F004EF9E9 /* ViewController.m */ = {isa = PBXFileReference; lastKnownFileType = sourcecode.c.objc; path = ViewController.m; sourceTree = "<group>"; };
		9C3479F618E0F51F004EF9E9 /* Images.xcassets */ = {isa = PBXFileReference; lastKnownFileType = folder.assetcatalog; path = Images.xcassets; sourceTree = "<group>"; };
		9C3479FC18E0F51F004EF9E9 /* UISliderTestTests.xctest */ = {isa = PBXFileReference; explicitFileType = wrapper.cfbundle; includeInIndex = 0; path = UISliderTestTests.xctest; sourceTree = BUILT_PRODUCTS_DIR; };
		9C3479FD18E0F51F004EF9E9 /* XCTest.framework */ = {isa = PBXFileReference; lastKnownFileType = wrapper.framework; name = XCTest.framework; path = Library/Frameworks/XCTest.framework; sourceTree = DEVELOPER_DIR; };
		9C347A0518E0F51F004EF9E9 /* UISliderTestTests-Info.plist */ = {isa = PBXFileReference; lastKnownFileType = text.plist.xml; path = "UISliderTestTests-Info.plist"; sourceTree = "<group>"; };
		9C347A0718E0F51F004EF9E9 /* en */ = {isa = PBXFileReference; lastKnownFileType = text.plist.strings; name = en; path = en.lproj/InfoPlist.strings; sourceTree = "<group>"; };
		9C347A0918E0F51F004EF9E9 /* UISliderTestTests.m */ = {isa = PBXFileReference; lastKnownFileType = sourcecode.c.objc; path = UISliderTestTests.m; sourceTree = "<group>"; };
		9C347A1518E0F574004EF9E9 /* default.css */ = {isa = PBXFileReference; fileEncoding = 4; lastKnownFileType = text.css; path = default.css; sourceTree = "<group>"; xcLanguageSpecificationIdentifier = xcode.lang.css; };
		9CAAFAE818EB124B000C0233 /* pixate-freestyle.xcodeproj */ = {isa = PBXFileReference; lastKnownFileType = "wrapper.pb-project"; name = "pixate-freestyle.xcodeproj"; path = "../../src/pixate-freestyle.xcodeproj"; sourceTree = "<group>"; };
/* End PBXFileReference section */

/* Begin PBXFrameworksBuildPhase section */
		9C3479D818E0F51F004EF9E9 /* Frameworks */ = {
			isa = PBXFrameworksBuildPhase;
			buildActionMask = 2147483647;
			files = (
				9CCEB638193522D8007B86F8 /* libpixate-freestyle.a in Frameworks */,
				9C3479E118E0F51F004EF9E9 /* CoreGraphics.framework in Frameworks */,
				9C3479E318E0F51F004EF9E9 /* UIKit.framework in Frameworks */,
				9C3479DF18E0F51F004EF9E9 /* Foundation.framework in Frameworks */,
			);
			runOnlyForDeploymentPostprocessing = 0;
		};
		9C3479F918E0F51F004EF9E9 /* Frameworks */ = {
			isa = PBXFrameworksBuildPhase;
			buildActionMask = 2147483647;
			files = (
				9C3479FE18E0F51F004EF9E9 /* XCTest.framework in Frameworks */,
				9C347A0018E0F51F004EF9E9 /* UIKit.framework in Frameworks */,
				9C3479FF18E0F51F004EF9E9 /* Foundation.framework in Frameworks */,
			);
			runOnlyForDeploymentPostprocessing = 0;
		};
/* End PBXFrameworksBuildPhase section */

/* Begin PBXGroup section */
		9C3479D218E0F51F004EF9E9 = {
			isa = PBXGroup;
			children = (
				9C3479E418E0F51F004EF9E9 /* UISliderTest */,
				9C347A0318E0F51F004EF9E9 /* UISliderTestTests */,
				9C3479DD18E0F51F004EF9E9 /* Frameworks */,
				9C3479DC18E0F51F004EF9E9 /* Products */,
			);
			sourceTree = "<group>";
		};
		9C3479DC18E0F51F004EF9E9 /* Products */ = {
			isa = PBXGroup;
			children = (
				9C3479DB18E0F51F004EF9E9 /* UISliderTest.app */,
				9C3479FC18E0F51F004EF9E9 /* UISliderTestTests.xctest */,
			);
			name = Products;
			sourceTree = "<group>";
		};
		9C3479DD18E0F51F004EF9E9 /* Frameworks */ = {
			isa = PBXGroup;
			children = (
				9CAAFAE818EB124B000C0233 /* pixate-freestyle.xcodeproj */,
				9C3479DE18E0F51F004EF9E9 /* Foundation.framework */,
				9C3479E018E0F51F004EF9E9 /* CoreGraphics.framework */,
				9C3479E218E0F51F004EF9E9 /* UIKit.framework */,
				9C3479FD18E0F51F004EF9E9 /* XCTest.framework */,
			);
			name = Frameworks;
			sourceTree = "<group>";
		};
		9C3479E418E0F51F004EF9E9 /* UISliderTest */ = {
			isa = PBXGroup;
			children = (
				9C3479ED18E0F51F004EF9E9 /* AppDelegate.h */,
				9C3479EE18E0F51F004EF9E9 /* AppDelegate.m */,
				9C3479F018E0F51F004EF9E9 /* Main.storyboard */,
				9C3479F318E0F51F004EF9E9 /* ViewController.h */,
				9C3479F418E0F51F004EF9E9 /* ViewController.m */,
				9C3479F618E0F51F004EF9E9 /* Images.xcassets */,
				9C3479E518E0F51F004EF9E9 /* Supporting Files */,
			);
			path = UISliderTest;
			sourceTree = "<group>";
		};
		9C3479E518E0F51F004EF9E9 /* Supporting Files */ = {
			isa = PBXGroup;
			children = (
				9C347A1518E0F574004EF9E9 /* default.css */,
				9C3479E618E0F51F004EF9E9 /* UISliderTest-Info.plist */,
				9C3479E718E0F51F004EF9E9 /* InfoPlist.strings */,
				9C3479EA18E0F51F004EF9E9 /* main.m */,
				9C3479EC18E0F51F004EF9E9 /* UISliderTest-Prefix.pch */,
			);
			name = "Supporting Files";
			sourceTree = "<group>";
		};
		9C347A0318E0F51F004EF9E9 /* UISliderTestTests */ = {
			isa = PBXGroup;
			children = (
				9C347A0918E0F51F004EF9E9 /* UISliderTestTests.m */,
				9C347A0418E0F51F004EF9E9 /* Supporting Files */,
			);
			path = UISliderTestTests;
			sourceTree = "<group>";
		};
		9C347A0418E0F51F004EF9E9 /* Supporting Files */ = {
			isa = PBXGroup;
			children = (
				9C347A0518E0F51F004EF9E9 /* UISliderTestTests-Info.plist */,
				9C347A0618E0F51F004EF9E9 /* InfoPlist.strings */,
			);
			name = "Supporting Files";
			sourceTree = "<group>";
		};
		9CAAFAE918EB124B000C0233 /* Products */ = {
			isa = PBXGroup;
			children = (
				9CAAFAF118EB124B000C0233 /* libpixate-freestyle.a */,
				9CAAFAF318EB124B000C0233 /* pixate-freestyleTests.xctest */,
				9CAAFAF918EB124B000C0233 /* MAFutureTest */,
			);
			name = Products;
			sourceTree = "<group>";
		};
/* End PBXGroup section */

/* Begin PBXNativeTarget section */
		9C3479DA18E0F51F004EF9E9 /* UISliderTest */ = {
			isa = PBXNativeTarget;
			buildConfigurationList = 9C347A0D18E0F51F004EF9E9 /* Build configuration list for PBXNativeTarget "UISliderTest" */;
			buildPhases = (
				9C3479D718E0F51F004EF9E9 /* Sources */,
				9C3479D818E0F51F004EF9E9 /* Frameworks */,
				9C3479D918E0F51F004EF9E9 /* Resources */,
			);
			buildRules = (
			);
			dependencies = (
			);
			name = UISliderTest;
			productName = UISliderTest;
			productReference = 9C3479DB18E0F51F004EF9E9 /* UISliderTest.app */;
			productType = "com.apple.product-type.application";
		};
		9C3479FB18E0F51F004EF9E9 /* UISliderTestTests */ = {
			isa = PBXNativeTarget;
			buildConfigurationList = 9C347A1018E0F51F004EF9E9 /* Build configuration list for PBXNativeTarget "UISliderTestTests" */;
			buildPhases = (
				9C3479F818E0F51F004EF9E9 /* Sources */,
				9C3479F918E0F51F004EF9E9 /* Frameworks */,
				9C3479FA18E0F51F004EF9E9 /* Resources */,
			);
			buildRules = (
			);
			dependencies = (
				9C347A0218E0F51F004EF9E9 /* PBXTargetDependency */,
			);
			name = UISliderTestTests;
			productName = UISliderTestTests;
			productReference = 9C3479FC18E0F51F004EF9E9 /* UISliderTestTests.xctest */;
			productType = "com.apple.product-type.bundle.unit-test";
		};
/* End PBXNativeTarget section */

/* Begin PBXProject section */
		9C3479D318E0F51F004EF9E9 /* Project object */ = {
			isa = PBXProject;
			attributes = {
				LastUpgradeCheck = 0510;
				ORGANIZATIONNAME = "Pixate, Inc.";
				TargetAttributes = {
					9C3479FB18E0F51F004EF9E9 = {
						TestTargetID = 9C3479DA18E0F51F004EF9E9;
					};
				};
			};
			buildConfigurationList = 9C3479D618E0F51F004EF9E9 /* Build configuration list for PBXProject "UISliderTest" */;
			compatibilityVersion = "Xcode 3.2";
			developmentRegion = English;
			hasScannedForEncodings = 0;
			knownRegions = (
				en,
				Base,
			);
			mainGroup = 9C3479D218E0F51F004EF9E9;
			productRefGroup = 9C3479DC18E0F51F004EF9E9 /* Products */;
			projectDirPath = "";
			projectReferences = (
				{
					ProductGroup = 9CAAFAE918EB124B000C0233 /* Products */;
					ProjectRef = 9CAAFAE818EB124B000C0233 /* pixate-freestyle.xcodeproj */;
				},
			);
			projectRoot = "";
			targets = (
				9C3479DA18E0F51F004EF9E9 /* UISliderTest */,
				9C3479FB18E0F51F004EF9E9 /* UISliderTestTests */,
			);
		};
/* End PBXProject section */

/* Begin PBXReferenceProxy section */
		9CAAFAF118EB124B000C0233 /* libpixate-freestyle.a */ = {
			isa = PBXReferenceProxy;
			fileType = archive.ar;
			path = "libpixate-freestyle.a";
			remoteRef = 9CAAFAF018EB124B000C0233 /* PBXContainerItemProxy */;
			sourceTree = BUILT_PRODUCTS_DIR;
		};
		9CAAFAF318EB124B000C0233 /* pixate-freestyleTests.xctest */ = {
			isa = PBXReferenceProxy;
			fileType = wrapper.cfbundle;
			path = "pixate-freestyleTests.xctest";
			remoteRef = 9CAAFAF218EB124B000C0233 /* PBXContainerItemProxy */;
			sourceTree = BUILT_PRODUCTS_DIR;
		};
		9CAAFAF918EB124B000C0233 /* MAFutureTest */ = {
			isa = PBXReferenceProxy;
			fileType = "compiled.mach-o.executable";
			path = MAFutureTest;
			remoteRef = 9CAAFAF818EB124B000C0233 /* PBXContainerItemProxy */;
			sourceTree = BUILT_PRODUCTS_DIR;
		};
/* End PBXReferenceProxy section */

/* Begin PBXResourcesBuildPhase section */
		9C3479D918E0F51F004EF9E9 /* Resources */ = {
			isa = PBXResourcesBuildPhase;
			buildActionMask = 2147483647;
			files = (
				9C3479F718E0F51F004EF9E9 /* Images.xcassets in Resources */,
				9C3479E918E0F51F004EF9E9 /* InfoPlist.strings in Resources */,
				9C3479F218E0F51F004EF9E9 /* Main.storyboard in Resources */,
				9C347A1618E0F574004EF9E9 /* default.css in Resources */,
			);
			runOnlyForDeploymentPostprocessing = 0;
		};
		9C3479FA18E0F51F004EF9E9 /* Resources */ = {
			isa = PBXResourcesBuildPhase;
			buildActionMask = 2147483647;
			files = (
				9C347A0818E0F51F004EF9E9 /* InfoPlist.strings in Resources */,
			);
			runOnlyForDeploymentPostprocessing = 0;
		};
/* End PBXResourcesBuildPhase section */

/* Begin PBXSourcesBuildPhase section */
		9C3479D718E0F51F004EF9E9 /* Sources */ = {
			isa = PBXSourcesBuildPhase;
			buildActionMask = 2147483647;
			files = (
				9C3479F518E0F51F004EF9E9 /* ViewController.m in Sources */,
				9C3479EF18E0F51F004EF9E9 /* AppDelegate.m in Sources */,
				9C3479EB18E0F51F004EF9E9 /* main.m in Sources */,
			);
			runOnlyForDeploymentPostprocessing = 0;
		};
		9C3479F818E0F51F004EF9E9 /* Sources */ = {
			isa = PBXSourcesBuildPhase;
			buildActionMask = 2147483647;
			files = (
				9C347A0A18E0F51F004EF9E9 /* UISliderTestTests.m in Sources */,
			);
			runOnlyForDeploymentPostprocessing = 0;
		};
/* End PBXSourcesBuildPhase section */

/* Begin PBXTargetDependency section */
		9C347A0218E0F51F004EF9E9 /* PBXTargetDependency */ = {
			isa = PBXTargetDependency;
			target = 9C3479DA18E0F51F004EF9E9 /* UISliderTest */;
			targetProxy = 9C347A0118E0F51F004EF9E9 /* PBXContainerItemProxy */;
		};
/* End PBXTargetDependency section */

/* Begin PBXVariantGroup section */
		9C3479E718E0F51F004EF9E9 /* InfoPlist.strings */ = {
			isa = PBXVariantGroup;
			children = (
				9C3479E818E0F51F004EF9E9 /* en */,
			);
			name = InfoPlist.strings;
			sourceTree = "<group>";
		};
		9C3479F018E0F51F004EF9E9 /* Main.storyboard */ = {
			isa = PBXVariantGroup;
			children = (
				9C3479F118E0F51F004EF9E9 /* Base */,
			);
			name = Main.storyboard;
			sourceTree = "<group>";
		};
		9C347A0618E0F51F004EF9E9 /* InfoPlist.strings */ = {
			isa = PBXVariantGroup;
			children = (
				9C347A0718E0F51F004EF9E9 /* en */,
			);
			name = InfoPlist.strings;
			sourceTree = "<group>";
		};
/* End PBXVariantGroup section */

/* Begin XCBuildConfiguration section */
		9C347A0B18E0F51F004EF9E9 /* Debug */ = {
			isa = XCBuildConfiguration;
			buildSettings = {
				ALWAYS_SEARCH_USER_PATHS = NO;
				CLANG_CXX_LANGUAGE_STANDARD = "gnu++0x";
				CLANG_CXX_LIBRARY = "libc++";
				CLANG_ENABLE_MODULES = YES;
				CLANG_ENABLE_OBJC_ARC = YES;
				CLANG_WARN_BOOL_CONVERSION = YES;
				CLANG_WARN_CONSTANT_CONVERSION = YES;
				CLANG_WARN_DIRECT_OBJC_ISA_USAGE = YES_ERROR;
				CLANG_WARN_EMPTY_BODY = YES;
				CLANG_WARN_ENUM_CONVERSION = YES;
				CLANG_WARN_INT_CONVERSION = YES;
				CLANG_WARN_OBJC_ROOT_CLASS = YES_ERROR;
				CLANG_WARN__DUPLICATE_METHOD_MATCH = YES;
				"CODE_SIGN_IDENTITY[sdk=iphoneos*]" = "iPhone Developer";
				COPY_PHASE_STRIP = NO;
				GCC_C_LANGUAGE_STANDARD = gnu99;
				GCC_DYNAMIC_NO_PIC = NO;
				GCC_OPTIMIZATION_LEVEL = 0;
				GCC_PREPROCESSOR_DEFINITIONS = (
					"DEBUG=1",
					"$(inherited)",
				);
				GCC_SYMBOLS_PRIVATE_EXTERN = NO;
				GCC_WARN_64_TO_32_BIT_CONVERSION = YES;
				GCC_WARN_ABOUT_RETURN_TYPE = YES_ERROR;
				GCC_WARN_UNDECLARED_SELECTOR = YES;
				GCC_WARN_UNINITIALIZED_AUTOS = YES_AGGRESSIVE;
				GCC_WARN_UNUSED_FUNCTION = YES;
				GCC_WARN_UNUSED_VARIABLE = YES;
				IPHONEOS_DEPLOYMENT_TARGET = 7.1;
				ONLY_ACTIVE_ARCH = YES;
				SDKROOT = iphoneos;
			};
			name = Debug;
		};
		9C347A0C18E0F51F004EF9E9 /* Release */ = {
			isa = XCBuildConfiguration;
			buildSettings = {
				ALWAYS_SEARCH_USER_PATHS = NO;
				CLANG_CXX_LANGUAGE_STANDARD = "gnu++0x";
				CLANG_CXX_LIBRARY = "libc++";
				CLANG_ENABLE_MODULES = YES;
				CLANG_ENABLE_OBJC_ARC = YES;
				CLANG_WARN_BOOL_CONVERSION = YES;
				CLANG_WARN_CONSTANT_CONVERSION = YES;
				CLANG_WARN_DIRECT_OBJC_ISA_USAGE = YES_ERROR;
				CLANG_WARN_EMPTY_BODY = YES;
				CLANG_WARN_ENUM_CONVERSION = YES;
				CLANG_WARN_INT_CONVERSION = YES;
				CLANG_WARN_OBJC_ROOT_CLASS = YES_ERROR;
				CLANG_WARN__DUPLICATE_METHOD_MATCH = YES;
				"CODE_SIGN_IDENTITY[sdk=iphoneos*]" = "iPhone Developer";
				COPY_PHASE_STRIP = YES;
				ENABLE_NS_ASSERTIONS = NO;
				GCC_C_LANGUAGE_STANDARD = gnu99;
				GCC_WARN_64_TO_32_BIT_CONVERSION = YES;
				GCC_WARN_ABOUT_RETURN_TYPE = YES_ERROR;
				GCC_WARN_UNDECLARED_SELECTOR = YES;
				GCC_WARN_UNINITIALIZED_AUTOS = YES_AGGRESSIVE;
				GCC_WARN_UNUSED_FUNCTION = YES;
				GCC_WARN_UNUSED_VARIABLE = YES;
				IPHONEOS_DEPLOYMENT_TARGET = 7.1;
				SDKROOT = iphoneos;
				VALIDATE_PRODUCT = YES;
			};
			name = Release;
		};
		9C347A0E18E0F51F004EF9E9 /* Debug */ = {
			isa = XCBuildConfiguration;
			buildSettings = {
				ASSETCATALOG_COMPILER_APPICON_NAME = AppIcon;
				ASSETCATALOG_COMPILER_LAUNCHIMAGE_NAME = LaunchImage;
				GCC_PRECOMPILE_PREFIX_HEADER = YES;
				GCC_PREFIX_HEADER = "UISliderTest/UISliderTest-Prefix.pch";
				HEADER_SEARCH_PATHS = (
					"$(inherited)",
					/Applications/Xcode.app/Contents/Developer/Toolchains/XcodeDefault.xctoolchain/usr/include,
					"../../src/**",
				);
				INFOPLIST_FILE = "UISliderTest/UISliderTest-Info.plist";
				LIBRARY_SEARCH_PATHS = (
					"$(inherited)",
					"$(USER_LIBRARY_DIR)/Developer/Xcode/DerivedData/AllTests-cxqigtvyoskvdychfxwrbkjldemd/Build/Products/Debug-iphoneos",
				);
				PRODUCT_NAME = "$(TARGET_NAME)";
				WRAPPER_EXTENSION = app;
			};
			name = Debug;
		};
		9C347A0F18E0F51F004EF9E9 /* Release */ = {
			isa = XCBuildConfiguration;
			buildSettings = {
				ASSETCATALOG_COMPILER_APPICON_NAME = AppIcon;
				ASSETCATALOG_COMPILER_LAUNCHIMAGE_NAME = LaunchImage;
				GCC_PRECOMPILE_PREFIX_HEADER = YES;
				GCC_PREFIX_HEADER = "UISliderTest/UISliderTest-Prefix.pch";
				HEADER_SEARCH_PATHS = (
					"$(inherited)",
					/Applications/Xcode.app/Contents/Developer/Toolchains/XcodeDefault.xctoolchain/usr/include,
					"../../src/**",
				);
				INFOPLIST_FILE = "UISliderTest/UISliderTest-Info.plist";
				LIBRARY_SEARCH_PATHS = (
					"$(inherited)",
					"$(USER_LIBRARY_DIR)/Developer/Xcode/DerivedData/AllTests-cxqigtvyoskvdychfxwrbkjldemd/Build/Products/Debug-iphoneos",
				);
				PRODUCT_NAME = "$(TARGET_NAME)";
				WRAPPER_EXTENSION = app;
			};
			name = Release;
		};
		9C347A1118E0F51F004EF9E9 /* Debug */ = {
			isa = XCBuildConfiguration;
			buildSettings = {
				BUNDLE_LOADER = "$(BUILT_PRODUCTS_DIR)/UISliderTest.app/UISliderTest";
				FRAMEWORK_SEARCH_PATHS = (
					"$(SDKROOT)/Developer/Library/Frameworks",
					"$(inherited)",
					"$(DEVELOPER_FRAMEWORKS_DIR)",
				);
				GCC_PRECOMPILE_PREFIX_HEADER = YES;
				GCC_PREFIX_HEADER = "UISliderTest/UISliderTest-Prefix.pch";
				GCC_PREPROCESSOR_DEFINITIONS = (
					"DEBUG=1",
					"$(inherited)",
				);
				INFOPLIST_FILE = "UISliderTestTests/UISliderTestTests-Info.plist";
				PRODUCT_NAME = "$(TARGET_NAME)";
				TEST_HOST = "$(BUNDLE_LOADER)";
				WRAPPER_EXTENSION = xctest;
			};
			name = Debug;
		};
		9C347A1218E0F51F004EF9E9 /* Release */ = {
			isa = XCBuildConfiguration;
			buildSettings = {
				BUNDLE_LOADER = "$(BUILT_PRODUCTS_DIR)/UISliderTest.app/UISliderTest";
				FRAMEWORK_SEARCH_PATHS = (
					"$(SDKROOT)/Developer/Library/Frameworks",
					"$(inherited)",
					"$(DEVELOPER_FRAMEWORKS_DIR)",
				);
				GCC_PRECOMPILE_PREFIX_HEADER = YES;
				GCC_PREFIX_HEADER = "UISliderTest/UISliderTest-Prefix.pch";
				INFOPLIST_FILE = "UISliderTestTests/UISliderTestTests-Info.plist";
				PRODUCT_NAME = "$(TARGET_NAME)";
				TEST_HOST = "$(BUNDLE_LOADER)";
				WRAPPER_EXTENSION = xctest;
			};
			name = Release;
		};
/* End XCBuildConfiguration section */

/* Begin XCConfigurationList section */
		9C3479D618E0F51F004EF9E9 /* Build configuration list for PBXProject "UISliderTest" */ = {
			isa = XCConfigurationList;
			buildConfigurations = (
				9C347A0B18E0F51F004EF9E9 /* Debug */,
				9C347A0C18E0F51F004EF9E9 /* Release */,
			);
			defaultConfigurationIsVisible = 0;
			defaultConfigurationName = Release;
		};
		9C347A0D18E0F51F004EF9E9 /* Build configuration list for PBXNativeTarget "UISliderTest" */ = {
			isa = XCConfigurationList;
			buildConfigurations = (
				9C347A0E18E0F51F004EF9E9 /* Debug */,
				9C347A0F18E0F51F004EF9E9 /* Release */,
			);
			defaultConfigurationIsVisible = 0;
			defaultConfigurationName = Release;
		};
		9C347A1018E0F51F004EF9E9 /* Build configuration list for PBXNativeTarget "UISliderTestTests" */ = {
			isa = XCConfigurationList;
			buildConfigurations = (
				9C347A1118E0F51F004EF9E9 /* Debug */,
				9C347A1218E0F51F004EF9E9 /* Release */,
			);
			defaultConfigurationIsVisible = 0;
			defaultConfigurationName = Release;
		};
/* End XCConfigurationList section */
	};
	rootObject = 9C3479D318E0F51F004EF9E9 /* Project object */;
}
